
Microsoft Visual Studio Solution File, Format Version 12.00
# Visual Studio Version 17
VisualStudioVersion = 17.3.32825.248
MinimumVisualStudioVersion = 10.0.40219.1
Project("{9A19103F-16F7-4668-BE54-9A1E7A4F7556}") = "BankTransferAPI", "BankTransferAPI\BankTransferAPI.csproj", "{D1D7E223-EDF2-4AC1-AC84-CF19C610A1A1}"
EndProject
Project("{9A19103F-16F7-4668-BE54-9A1E7A4F7556}") = "BankTransfer.BLL", "BankTransfer.BLL\BankTransfer.BLL.csproj", "{D815FC97-C424-4C3E-8EEC-EE90F3C2FCC4}"
EndProject
Project("{9A19103F-16F7-4668-BE54-9A1E7A4F7556}") = "BankTransfer.DAL", "BankTransfer.DAL\BankTransfer.DAL.csproj", "{99BBB806-26F8-4D92-BF41-890960A62C39}"
EndProject
Project("{9A19103F-16F7-4668-BE54-9A1E7A4F7556}") = "BankTransfer.Contracts", "BankTransfer.Contracts\BankTransfer.Contracts.csproj", "{1DC06708-09DA-4063-8826-E4A28BA0298A}"
EndProject
Project("{FAE04EC0-301F-11D3-BF4B-00C04F79EFBC}") = "Paystack", "Paystack\Paystack.csproj", "{8157BA98-76F7-4024-8730-76B533C3C8AF}"
EndProject
Global
	GlobalSection(SolutionConfigurationPlatforms) = preSolution
		Debug|Any CPU = Debug|Any CPU
		Release|Any CPU = Release|Any CPU
	EndGlobalSection
	GlobalSection(ProjectConfigurationPlatforms) = postSolution
		{D1D7E223-EDF2-4AC1-AC84-CF19C610A1A1}.Debug|Any CPU.ActiveCfg = Debug|Any CPU
		{D1D7E223-EDF2-4AC1-AC84-CF19C610A1A1}.Debug|Any CPU.Build.0 = Debug|Any CPU
		{D1D7E223-EDF2-4AC1-AC84-CF19C610A1A1}.Release|Any CPU.ActiveCfg = Release|Any CPU
		{D1D7E223-EDF2-4AC1-AC84-CF19C610A1A1}.Release|Any CPU.Build.0 = Release|Any CPU
		{D815FC97-C424-4C3E-8EEC-EE90F3C2FCC4}.Debug|Any CPU.ActiveCfg = Debug|Any CPU
		{D815FC97-C424-4C3E-8EEC-EE90F3C2FCC4}.Debug|Any CPU.Build.0 = Debug|Any CPU
		{D815FC97-C424-4C3E-8EEC-EE90F3C2FCC4}.Release|Any CPU.ActiveCfg = Release|Any CPU
		{D815FC97-C424-4C3E-8EEC-EE90F3C2FCC4}.Release|Any CPU.Build.0 = Release|Any CPU
		{99BBB806-26F8-4D92-BF41-890960A62C39}.Debug|Any CPU.ActiveCfg = Debug|Any CPU
		{99BBB806-26F8-4D92-BF41-890960A62C39}.Debug|Any CPU.Build.0 = Debug|Any CPU
		{99BBB806-26F8-4D92-BF41-890960A62C39}.Release|Any CPU.ActiveCfg = Release|Any CPU
		{99BBB806-26F8-4D92-BF41-890960A62C39}.Release|Any CPU.Build.0 = Release|Any CPU
		{1DC06708-09DA-4063-8826-E4A28BA0298A}.Debug|Any CPU.ActiveCfg = Debug|Any CPU
		{1DC06708-09DA-4063-8826-E4A28BA0298A}.Debug|Any CPU.Build.0 = Debug|Any CPU
		{1DC06708-09DA-4063-8826-E4A28BA0298A}.Release|Any CPU.ActiveCfg = Release|Any CPU
		{1DC06708-09DA-4063-8826-E4A28BA0298A}.Release|Any CPU.Build.0 = Release|Any CPU
		{8157BA98-76F7-4024-8730-76B533C3C8AF}.Debug|Any CPU.ActiveCfg = Debug|Any CPU
		{8157BA98-76F7-4024-8730-76B533C3C8AF}.Debug|Any CPU.Build.0 = Debug|Any CPU
		{8157BA98-76F7-4024-8730-76B533C3C8AF}.Release|Any CPU.ActiveCfg = Release|Any CPU
		{8157BA98-76F7-4024-8730-76B533C3C8AF}.Release|Any CPU.Build.0 = Release|Any CPU
	EndGlobalSection
	GlobalSection(SolutionProperties) = preSolution
		HideSolutionNode = FALSE
	EndGlobalSection
	GlobalSection(ExtensibilityGlobals) = postSolution
		SolutionGuid = {3930FFD7-DA27-4865-AA27-5647302475E5}
	EndGlobalSection
EndGlobal
